<?xml version="1.0" encoding="utf-8"?>
<Project ToolsVersion="4.0" xmlns="http://schemas.microsoft.com/developer/msbuild/2003">
  <ItemGroup>
    <Filter Include="src">
      <UniqueIdentifier>{c5cb6174-5dda-41e8-ad15-63440bd0f763}</UniqueIdentifier>
    </Filter>
    <Filter Include="src\ofxCvMin">
      <UniqueIdentifier>{80af2d79-862e-4174-bcdc-d1828f7c005b}</UniqueIdentifier>
    </Filter>
  </ItemGroup>
  <ItemGroup>
    <ClInclude Include="..\src\ofxCvMin.h">
      <Filter>src</Filter>
    </ClInclude>
    <ClInclude Include="..\src\ofxCvMin\CheckerboardUserAssist.h">
      <Filter>src\ofxCvMin</Filter>
    </ClInclude>
    <ClInclude Include="..\src\ofxCvMin\Helpers.h">
      <Filter>src\ofxCvMin</Filter>
    </ClInclude>
    <ClInclude Include="..\src\ofxCvMin\Modals.h">
      <Filter>src\ofxCvMin</Filter>
    </ClInclude>
    <ClInclude Include="..\src\ofxCvMin\Utilities.h">
      <Filter>src\ofxCvMin</Filter>
    </ClInclude>
    <ClInclude Include="..\src\ofxCvMin\Wrappers.h">
      <Filter>src\ofxCvMin</Filter>
    </ClInclude>
  </ItemGroup>
  <ItemGroup>
    <ClCompile Include="..\src\ofxCvMin\CheckerboardUserAssist.cpp">
      <Filter>src\ofxCvMin</Filter>
    </ClCompile>
    <ClCompile Include="..\src\ofxCvMin\Helpers.cpp">
      <Filter>src\ofxCvMin</Filter>
    </ClCompile>
    <ClCompile Include="..\src\ofxCvMin\Modals.cpp">
      <Filter>src\ofxCvMin</Filter>
    </ClCompile>
    <ClCompile Include="..\src\ofxCvMin\Utilities.cpp">
      <Filter>src\ofxCvMin</Filter>
    </ClCompile>
    <ClCompile Include="..\src\ofxCvMin\Wrappers.cpp">
      <Filter>src\ofxCvMin</Filter>
    </ClCompile>
  </ItemGroup>
</Project>